
Microsoft Visual Studio Solution File, Format Version 12.00
# Visual Studio Version 17
VisualStudioVersion = 17.4.33122.133
MinimumVisualStudioVersion = 10.0.40219.1
Project("{FAE04EC0-301F-11D3-BF4B-00C04F79EFBC}") = "tiendung.Identity", "tiendung.Identity\tiendung.Identity.csproj", "{49C30803-9CAF-461A-A0A1-A8CB3FD5AC21}"
EndProject
Global
	GlobalSection(SolutionConfigurationPlatforms) = preSolution
		Debug|Any CPU = Debug|Any CPU
		Release|Any CPU = Release|Any CPU
	EndGlobalSection
	GlobalSection(ProjectConfigurationPlatforms) = postSolution
		{49C30803-9CAF-461A-A0A1-A8CB3FD5AC21}.Debug|Any CPU.ActiveCfg = Debug|Any CPU
		{49C30803-9CAF-461A-A0A1-A8CB3FD5AC21}.Debug|Any CPU.Build.0 = Debug|Any CPU
		{49C30803-9CAF-461A-A0A1-A8CB3FD5AC21}.Release|Any CPU.ActiveCfg = Release|Any CPU
		{49C30803-9CAF-461A-A0A1-A8CB3FD5AC21}.Release|Any CPU.Build.0 = Release|Any CPU
	EndGlobalSection
	GlobalSection(SolutionProperties) = preSolution
		HideSolutionNode = FALSE
	EndGlobalSection
	GlobalSection(ExtensibilityGlobals) = postSolution
		SolutionGuid = {B2AF9173-8A2B-40BF-AF10-08A49A7053C1}
	EndGlobalSection
EndGlobal
